
Microsoft Visual Studio Solution File, Format Version 12.00
# Visual Studio Version 17
VisualStudioVersion = 17.12.35707.178 d17.12
MinimumVisualStudioVersion = 10.0.40219.1
Project("{2150E333-8FDC-42A3-9474-1A3956D46DE8}") = "PhoneDirectoryService", "PhoneDirectoryService", "{803D491E-D2D5-47AF-86A4-ED6C56380777}"
EndProject
Project("{FAE04EC0-301F-11D3-BF4B-00C04F79EFBC}") = "PhoneDirectory.Domain", "PhoneDirectory.Domain\PhoneDirectory.Domain.csproj", "{3BFE8518-6137-466E-A9A9-B01F369C2DE4}"
EndProject
Project("{FAE04EC0-301F-11D3-BF4B-00C04F79EFBC}") = "PhoneDirectory.Application", "PhoneDirectory.Application\PhoneDirectory.Application.csproj", "{4B3F4F51-4E42-4744-BA90-11C41F0437B0}"
EndProject
Project("{FAE04EC0-301F-11D3-BF4B-00C04F79EFBC}") = "PhoneDirectory.Infrastructure", "PhoneDirectory.Infrastructure\PhoneDirectory.Infrastructure.csproj", "{400E9510-C486-469C-AE9A-63849E9E7119}"
EndProject
Project("{FAE04EC0-301F-11D3-BF4B-00C04F79EFBC}") = "PhoneDirectory.API", "PhoneDirectory.API\PhoneDirectory.API.csproj", "{F1607DA1-EE3E-4569-81B6-02393B883AD0}"
EndProject
Project("{FAE04EC0-301F-11D3-BF4B-00C04F79EFBC}") = "PhoneDirectory.UnitTests", "PhoneDirectory.UnitTests\PhoneDirectory.UnitTests.csproj", "{66912FBA-0BFC-4545-B97F-F805B2BB6A70}"
EndProject
Project("{2150E333-8FDC-42A3-9474-1A3956D46DE8}") = "ReportService", "ReportService", "{7F320BA7-DDB4-488C-9C49-3385ECFCA455}"
EndProject
Project("{FAE04EC0-301F-11D3-BF4B-00C04F79EFBC}") = "Report.Domain", "Report.Domain\Report.Domain.csproj", "{521BFC39-83F4-4347-A8FB-FC0AE400C118}"
EndProject
Project("{FAE04EC0-301F-11D3-BF4B-00C04F79EFBC}") = "Report.Application", "Report.Application\Report.Application.csproj", "{F7F678E3-0DD7-45EF-A2DE-DDAD52E53AC6}"
EndProject
Project("{FAE04EC0-301F-11D3-BF4B-00C04F79EFBC}") = "Report.Infrastructure", "Report.Infrastructure\Report.Infrastructure.csproj", "{78D236C6-FCD7-4852-ADCC-2F1976AA5427}"
EndProject
Global
	GlobalSection(SolutionConfigurationPlatforms) = preSolution
		Debug|Any CPU = Debug|Any CPU
		Release|Any CPU = Release|Any CPU
	EndGlobalSection
	GlobalSection(ProjectConfigurationPlatforms) = postSolution
		{3BFE8518-6137-466E-A9A9-B01F369C2DE4}.Debug|Any CPU.ActiveCfg = Debug|Any CPU
		{3BFE8518-6137-466E-A9A9-B01F369C2DE4}.Debug|Any CPU.Build.0 = Debug|Any CPU
		{3BFE8518-6137-466E-A9A9-B01F369C2DE4}.Release|Any CPU.ActiveCfg = Release|Any CPU
		{3BFE8518-6137-466E-A9A9-B01F369C2DE4}.Release|Any CPU.Build.0 = Release|Any CPU
		{4B3F4F51-4E42-4744-BA90-11C41F0437B0}.Debug|Any CPU.ActiveCfg = Debug|Any CPU
		{4B3F4F51-4E42-4744-BA90-11C41F0437B0}.Debug|Any CPU.Build.0 = Debug|Any CPU
		{4B3F4F51-4E42-4744-BA90-11C41F0437B0}.Release|Any CPU.ActiveCfg = Release|Any CPU
		{4B3F4F51-4E42-4744-BA90-11C41F0437B0}.Release|Any CPU.Build.0 = Release|Any CPU
		{400E9510-C486-469C-AE9A-63849E9E7119}.Debug|Any CPU.ActiveCfg = Debug|Any CPU
		{400E9510-C486-469C-AE9A-63849E9E7119}.Debug|Any CPU.Build.0 = Debug|Any CPU
		{400E9510-C486-469C-AE9A-63849E9E7119}.Release|Any CPU.ActiveCfg = Release|Any CPU
		{400E9510-C486-469C-AE9A-63849E9E7119}.Release|Any CPU.Build.0 = Release|Any CPU
		{F1607DA1-EE3E-4569-81B6-02393B883AD0}.Debug|Any CPU.ActiveCfg = Debug|Any CPU
		{F1607DA1-EE3E-4569-81B6-02393B883AD0}.Debug|Any CPU.Build.0 = Debug|Any CPU
		{F1607DA1-EE3E-4569-81B6-02393B883AD0}.Release|Any CPU.ActiveCfg = Release|Any CPU
		{F1607DA1-EE3E-4569-81B6-02393B883AD0}.Release|Any CPU.Build.0 = Release|Any CPU
		{66912FBA-0BFC-4545-B97F-F805B2BB6A70}.Debug|Any CPU.ActiveCfg = Debug|Any CPU
		{66912FBA-0BFC-4545-B97F-F805B2BB6A70}.Debug|Any CPU.Build.0 = Debug|Any CPU
		{66912FBA-0BFC-4545-B97F-F805B2BB6A70}.Release|Any CPU.ActiveCfg = Release|Any CPU
		{66912FBA-0BFC-4545-B97F-F805B2BB6A70}.Release|Any CPU.Build.0 = Release|Any CPU
		{521BFC39-83F4-4347-A8FB-FC0AE400C118}.Debug|Any CPU.ActiveCfg = Debug|Any CPU
		{521BFC39-83F4-4347-A8FB-FC0AE400C118}.Debug|Any CPU.Build.0 = Debug|Any CPU
		{521BFC39-83F4-4347-A8FB-FC0AE400C118}.Release|Any CPU.ActiveCfg = Release|Any CPU
		{521BFC39-83F4-4347-A8FB-FC0AE400C118}.Release|Any CPU.Build.0 = Release|Any CPU
		{F7F678E3-0DD7-45EF-A2DE-DDAD52E53AC6}.Debug|Any CPU.ActiveCfg = Debug|Any CPU
		{F7F678E3-0DD7-45EF-A2DE-DDAD52E53AC6}.Debug|Any CPU.Build.0 = Debug|Any CPU
		{F7F678E3-0DD7-45EF-A2DE-DDAD52E53AC6}.Release|Any CPU.ActiveCfg = Release|Any CPU
		{F7F678E3-0DD7-45EF-A2DE-DDAD52E53AC6}.Release|Any CPU.Build.0 = Release|Any CPU
		{78D236C6-FCD7-4852-ADCC-2F1976AA5427}.Debug|Any CPU.ActiveCfg = Debug|Any CPU
		{78D236C6-FCD7-4852-ADCC-2F1976AA5427}.Debug|Any CPU.Build.0 = Debug|Any CPU
		{78D236C6-FCD7-4852-ADCC-2F1976AA5427}.Release|Any CPU.ActiveCfg = Release|Any CPU
		{78D236C6-FCD7-4852-ADCC-2F1976AA5427}.Release|Any CPU.Build.0 = Release|Any CPU
	EndGlobalSection
	GlobalSection(SolutionProperties) = preSolution
		HideSolutionNode = FALSE
	EndGlobalSection
	GlobalSection(NestedProjects) = preSolution
		{3BFE8518-6137-466E-A9A9-B01F369C2DE4} = {803D491E-D2D5-47AF-86A4-ED6C56380777}
		{4B3F4F51-4E42-4744-BA90-11C41F0437B0} = {803D491E-D2D5-47AF-86A4-ED6C56380777}
		{400E9510-C486-469C-AE9A-63849E9E7119} = {803D491E-D2D5-47AF-86A4-ED6C56380777}
		{F1607DA1-EE3E-4569-81B6-02393B883AD0} = {803D491E-D2D5-47AF-86A4-ED6C56380777}
		{66912FBA-0BFC-4545-B97F-F805B2BB6A70} = {803D491E-D2D5-47AF-86A4-ED6C56380777}
		{521BFC39-83F4-4347-A8FB-FC0AE400C118} = {7F320BA7-DDB4-488C-9C49-3385ECFCA455}
		{F7F678E3-0DD7-45EF-A2DE-DDAD52E53AC6} = {7F320BA7-DDB4-488C-9C49-3385ECFCA455}
		{78D236C6-FCD7-4852-ADCC-2F1976AA5427} = {7F320BA7-DDB4-488C-9C49-3385ECFCA455}
	EndGlobalSection
EndGlobal
