
Microsoft Visual Studio Solution File, Format Version 12.00
# Visual Studio Version 17
VisualStudioVersion = 17.12.35707.178 d17.12
MinimumVisualStudioVersion = 10.0.40219.1
Project("{2150E333-8FDC-42A3-9474-1A3956D46DE8}") = "PhoneDirectoryService", "PhoneDirectoryService", "{803D491E-D2D5-47AF-86A4-ED6C56380777}"
EndProject
Project("{FAE04EC0-301F-11D3-BF4B-00C04F79EFBC}") = "PhoneDirectory.Domain", "PhoneDirectory.Domain\PhoneDirectory.Domain.csproj", "{3BFE8518-6137-466E-A9A9-B01F369C2DE4}"
EndProject
Project("{FAE04EC0-301F-11D3-BF4B-00C04F79EFBC}") = "PhoneDirectory.Application", "PhoneDirectory.Application\PhoneDirectory.Application.csproj", "{4B3F4F51-4E42-4744-BA90-11C41F0437B0}"
EndProject
Project("{FAE04EC0-301F-11D3-BF4B-00C04F79EFBC}") = "PhoneDirectory.Infrastructure", "PhoneDirectory.Infrastructure\PhoneDirectory.Infrastructure.csproj", "{400E9510-C486-469C-AE9A-63849E9E7119}"
EndProject
Project("{FAE04EC0-301F-11D3-BF4B-00C04F79EFBC}") = "PhoneDirectory.API", "PhoneDirectory.API\PhoneDirectory.API.csproj", "{F1607DA1-EE3E-4569-81B6-02393B883AD0}"
EndProject
Global
	GlobalSection(SolutionConfigurationPlatforms) = preSolution
		Debug|Any CPU = Debug|Any CPU
		Release|Any CPU = Release|Any CPU
	EndGlobalSection
	GlobalSection(ProjectConfigurationPlatforms) = postSolution
		{3BFE8518-6137-466E-A9A9-B01F369C2DE4}.Debug|Any CPU.ActiveCfg = Debug|Any CPU
		{3BFE8518-6137-466E-A9A9-B01F369C2DE4}.Debug|Any CPU.Build.0 = Debug|Any CPU
		{3BFE8518-6137-466E-A9A9-B01F369C2DE4}.Release|Any CPU.ActiveCfg = Release|Any CPU
		{3BFE8518-6137-466E-A9A9-B01F369C2DE4}.Release|Any CPU.Build.0 = Release|Any CPU
		{4B3F4F51-4E42-4744-BA90-11C41F0437B0}.Debug|Any CPU.ActiveCfg = Debug|Any CPU
		{4B3F4F51-4E42-4744-BA90-11C41F0437B0}.Debug|Any CPU.Build.0 = Debug|Any CPU
		{4B3F4F51-4E42-4744-BA90-11C41F0437B0}.Release|Any CPU.ActiveCfg = Release|Any CPU
		{4B3F4F51-4E42-4744-BA90-11C41F0437B0}.Release|Any CPU.Build.0 = Release|Any CPU
		{400E9510-C486-469C-AE9A-63849E9E7119}.Debug|Any CPU.ActiveCfg = Debug|Any CPU
		{400E9510-C486-469C-AE9A-63849E9E7119}.Debug|Any CPU.Build.0 = Debug|Any CPU
		{400E9510-C486-469C-AE9A-63849E9E7119}.Release|Any CPU.ActiveCfg = Release|Any CPU
		{400E9510-C486-469C-AE9A-63849E9E7119}.Release|Any CPU.Build.0 = Release|Any CPU
		{F1607DA1-EE3E-4569-81B6-02393B883AD0}.Debug|Any CPU.ActiveCfg = Debug|Any CPU
		{F1607DA1-EE3E-4569-81B6-02393B883AD0}.Debug|Any CPU.Build.0 = Debug|Any CPU
		{F1607DA1-EE3E-4569-81B6-02393B883AD0}.Release|Any CPU.ActiveCfg = Release|Any CPU
		{F1607DA1-EE3E-4569-81B6-02393B883AD0}.Release|Any CPU.Build.0 = Release|Any CPU
	EndGlobalSection
	GlobalSection(SolutionProperties) = preSolution
		HideSolutionNode = FALSE
	EndGlobalSection
	GlobalSection(NestedProjects) = preSolution
		{3BFE8518-6137-466E-A9A9-B01F369C2DE4} = {803D491E-D2D5-47AF-86A4-ED6C56380777}
		{4B3F4F51-4E42-4744-BA90-11C41F0437B0} = {803D491E-D2D5-47AF-86A4-ED6C56380777}
		{400E9510-C486-469C-AE9A-63849E9E7119} = {803D491E-D2D5-47AF-86A4-ED6C56380777}
		{F1607DA1-EE3E-4569-81B6-02393B883AD0} = {803D491E-D2D5-47AF-86A4-ED6C56380777}
	EndGlobalSection
EndGlobal
